
Microsoft Visual Studio Solution File, Format Version 12.00
# Visual Studio Version 17
VisualStudioVersion = 17.9.34728.123
MinimumVisualStudioVersion = 10.0.40219.1
Project("{FAE04EC0-301F-11D3-BF4B-00C04F79EFBC}") = "Website", "Website.csproj", "{10A4104A-D9D1-424D-92AE-DD65425938CB}"
EndProject
Global
	GlobalSection(SolutionConfigurationPlatforms) = preSolution
		Debug|Any CPU = Debug|Any CPU
		Release|Any CPU = Release|Any CPU
	EndGlobalSection
	GlobalSection(ProjectConfigurationPlatforms) = postSolution
		{10A4104A-D9D1-424D-92AE-DD65425938CB}.Debug|Any CPU.ActiveCfg = Debug|Any CPU
		{10A4104A-D9D1-424D-92AE-DD65425938CB}.Debug|Any CPU.Build.0 = Debug|Any CPU
		{10A4104A-D9D1-424D-92AE-DD65425938CB}.Release|Any CPU.ActiveCfg = Release|Any CPU
		{10A4104A-D9D1-424D-92AE-DD65425938CB}.Release|Any CPU.Build.0 = Release|Any CPU
	EndGlobalSection
	GlobalSection(SolutionProperties) = preSolution
		HideSolutionNode = FALSE
	EndGlobalSection
	GlobalSection(ExtensibilityGlobals) = postSolution
		SolutionGuid = {102E36D6-2E02-4E87-850A-C002B3AD2192}
	EndGlobalSection
EndGlobal
